
Microsoft Visual Studio Solution File, Format Version 12.00
# Visual Studio Version 16
VisualStudioVersion = 16.0.31613.86
MinimumVisualStudioVersion = 10.0.40219.1
Project("{9A19103F-16F7-4668-BE54-9A1E7A4F7556}") = "SampleApp.Core", "src\SampleApp.Core\SampleApp.Core.csproj", "{37F07E14-B36A-432F-B903-F8D6F2279FE7}"
EndProject
Project("{FAE04EC0-301F-11D3-BF4B-00C04F79EFBC}") = "SampleApp.UWP", "src\SampleApp.UWP\SampleApp.UWP.csproj", "{EC6B3CCE-D988-46D5-ABCA-D5FC1D3B7F07}"
EndProject
Project("{2150E333-8FDC-42A3-9474-1A3956D46DE8}") = "!Solution Items", "!Solution Items", "{ACFDF191-B780-40BF-8F66-F7632CA17A45}"
	ProjectSection(SolutionItems) = preProject
		.editorconfig = .editorconfig
	EndProjectSection
EndProject
Project("{C7167F0D-BC9F-4E6E-AFE1-012C56B48DB5}") = "SampleApp.Package", "src\SampleApp.Package\SampleApp.Package.wapproj", "{BBE6F8F9-CBA0-41AA-9F3F-E305338E1ACB}"
EndProject
Project("{FAE04EC0-301F-11D3-BF4B-00C04F79EFBC}") = "UWP", "UWP\UWP.csproj", "{D8827611-BEB5-4EC5-AA92-354A88054D0F}"
EndProject
Global
	GlobalSection(SolutionConfigurationPlatforms) = preSolution
		Debug|Any CPU = Debug|Any CPU
		Debug|ARM = Debug|ARM
		Debug|ARM64 = Debug|ARM64
		Debug|iPhone = Debug|iPhone
		Debug|iPhoneSimulator = Debug|iPhoneSimulator
		Debug|x64 = Debug|x64
		Debug|x86 = Debug|x86
		Release|Any CPU = Release|Any CPU
		Release|ARM = Release|ARM
		Release|ARM64 = Release|ARM64
		Release|iPhone = Release|iPhone
		Release|iPhoneSimulator = Release|iPhoneSimulator
		Release|x64 = Release|x64
		Release|x86 = Release|x86
	EndGlobalSection
	GlobalSection(ProjectConfigurationPlatforms) = postSolution
		{37F07E14-B36A-432F-B903-F8D6F2279FE7}.Debug|Any CPU.ActiveCfg = Debug|Any CPU
		{37F07E14-B36A-432F-B903-F8D6F2279FE7}.Debug|Any CPU.Build.0 = Debug|Any CPU
		{37F07E14-B36A-432F-B903-F8D6F2279FE7}.Debug|ARM.ActiveCfg = Debug|Any CPU
		{37F07E14-B36A-432F-B903-F8D6F2279FE7}.Debug|ARM.Build.0 = Debug|Any CPU
		{37F07E14-B36A-432F-B903-F8D6F2279FE7}.Debug|ARM64.ActiveCfg = Debug|Any CPU
		{37F07E14-B36A-432F-B903-F8D6F2279FE7}.Debug|ARM64.Build.0 = Debug|Any CPU
		{37F07E14-B36A-432F-B903-F8D6F2279FE7}.Debug|iPhone.ActiveCfg = Debug|Any CPU
		{37F07E14-B36A-432F-B903-F8D6F2279FE7}.Debug|iPhone.Build.0 = Debug|Any CPU
		{37F07E14-B36A-432F-B903-F8D6F2279FE7}.Debug|iPhoneSimulator.ActiveCfg = Debug|Any CPU
		{37F07E14-B36A-432F-B903-F8D6F2279FE7}.Debug|iPhoneSimulator.Build.0 = Debug|Any CPU
		{37F07E14-B36A-432F-B903-F8D6F2279FE7}.Debug|x64.ActiveCfg = Debug|Any CPU
		{37F07E14-B36A-432F-B903-F8D6F2279FE7}.Debug|x64.Build.0 = Debug|Any CPU
		{37F07E14-B36A-432F-B903-F8D6F2279FE7}.Debug|x86.ActiveCfg = Debug|Any CPU
		{37F07E14-B36A-432F-B903-F8D6F2279FE7}.Debug|x86.Build.0 = Debug|Any CPU
		{37F07E14-B36A-432F-B903-F8D6F2279FE7}.Release|Any CPU.ActiveCfg = Release|Any CPU
		{37F07E14-B36A-432F-B903-F8D6F2279FE7}.Release|Any CPU.Build.0 = Release|Any CPU
		{37F07E14-B36A-432F-B903-F8D6F2279FE7}.Release|ARM.ActiveCfg = Release|Any CPU
		{37F07E14-B36A-432F-B903-F8D6F2279FE7}.Release|ARM.Build.0 = Release|Any CPU
		{37F07E14-B36A-432F-B903-F8D6F2279FE7}.Release|ARM64.ActiveCfg = Release|Any CPU
		{37F07E14-B36A-432F-B903-F8D6F2279FE7}.Release|ARM64.Build.0 = Release|Any CPU
		{37F07E14-B36A-432F-B903-F8D6F2279FE7}.Release|iPhone.ActiveCfg = Release|Any CPU
		{37F07E14-B36A-432F-B903-F8D6F2279FE7}.Release|iPhone.Build.0 = Release|Any CPU
		{37F07E14-B36A-432F-B903-F8D6F2279FE7}.Release|iPhoneSimulator.ActiveCfg = Release|Any CPU
		{37F07E14-B36A-432F-B903-F8D6F2279FE7}.Release|iPhoneSimulator.Build.0 = Release|Any CPU
		{37F07E14-B36A-432F-B903-F8D6F2279FE7}.Release|x64.ActiveCfg = Release|Any CPU
		{37F07E14-B36A-432F-B903-F8D6F2279FE7}.Release|x64.Build.0 = Release|Any CPU
		{37F07E14-B36A-432F-B903-F8D6F2279FE7}.Release|x86.ActiveCfg = Release|Any CPU
		{37F07E14-B36A-432F-B903-F8D6F2279FE7}.Release|x86.Build.0 = Release|Any CPU
		{EC6B3CCE-D988-46D5-ABCA-D5FC1D3B7F07}.Debug|Any CPU.ActiveCfg = Debug|x86
		{EC6B3CCE-D988-46D5-ABCA-D5FC1D3B7F07}.Debug|Any CPU.Build.0 = Debug|x86
		{EC6B3CCE-D988-46D5-ABCA-D5FC1D3B7F07}.Debug|Any CPU.Deploy.0 = Debug|x86
		{EC6B3CCE-D988-46D5-ABCA-D5FC1D3B7F07}.Debug|ARM.ActiveCfg = Debug|ARM
		{EC6B3CCE-D988-46D5-ABCA-D5FC1D3B7F07}.Debug|ARM.Build.0 = Debug|ARM
		{EC6B3CCE-D988-46D5-ABCA-D5FC1D3B7F07}.Debug|ARM.Deploy.0 = Debug|ARM
		{EC6B3CCE-D988-46D5-ABCA-D5FC1D3B7F07}.Debug|ARM64.ActiveCfg = Debug|x86
		{EC6B3CCE-D988-46D5-ABCA-D5FC1D3B7F07}.Debug|iPhone.ActiveCfg = Debug|x86
		{EC6B3CCE-D988-46D5-ABCA-D5FC1D3B7F07}.Debug|iPhoneSimulator.ActiveCfg = Debug|x86
		{EC6B3CCE-D988-46D5-ABCA-D5FC1D3B7F07}.Debug|x64.ActiveCfg = Debug|x64
		{EC6B3CCE-D988-46D5-ABCA-D5FC1D3B7F07}.Debug|x64.Build.0 = Debug|x64
		{EC6B3CCE-D988-46D5-ABCA-D5FC1D3B7F07}.Debug|x64.Deploy.0 = Debug|x64
		{EC6B3CCE-D988-46D5-ABCA-D5FC1D3B7F07}.Debug|x86.ActiveCfg = Debug|x86
		{EC6B3CCE-D988-46D5-ABCA-D5FC1D3B7F07}.Debug|x86.Build.0 = Debug|x86
		{EC6B3CCE-D988-46D5-ABCA-D5FC1D3B7F07}.Debug|x86.Deploy.0 = Debug|x86
		{EC6B3CCE-D988-46D5-ABCA-D5FC1D3B7F07}.Release|Any CPU.ActiveCfg = Release|x86
		{EC6B3CCE-D988-46D5-ABCA-D5FC1D3B7F07}.Release|ARM.ActiveCfg = Release|ARM
		{EC6B3CCE-D988-46D5-ABCA-D5FC1D3B7F07}.Release|ARM.Build.0 = Release|ARM
		{EC6B3CCE-D988-46D5-ABCA-D5FC1D3B7F07}.Release|ARM.Deploy.0 = Release|ARM
		{EC6B3CCE-D988-46D5-ABCA-D5FC1D3B7F07}.Release|ARM64.ActiveCfg = Release|x86
		{EC6B3CCE-D988-46D5-ABCA-D5FC1D3B7F07}.Release|iPhone.ActiveCfg = Release|x86
		{EC6B3CCE-D988-46D5-ABCA-D5FC1D3B7F07}.Release|iPhoneSimulator.ActiveCfg = Release|x86
		{EC6B3CCE-D988-46D5-ABCA-D5FC1D3B7F07}.Release|x64.ActiveCfg = Release|x64
		{EC6B3CCE-D988-46D5-ABCA-D5FC1D3B7F07}.Release|x64.Build.0 = Release|x64
		{EC6B3CCE-D988-46D5-ABCA-D5FC1D3B7F07}.Release|x64.Deploy.0 = Release|x64
		{EC6B3CCE-D988-46D5-ABCA-D5FC1D3B7F07}.Release|x86.ActiveCfg = Release|x86
		{EC6B3CCE-D988-46D5-ABCA-D5FC1D3B7F07}.Release|x86.Build.0 = Release|x86
		{EC6B3CCE-D988-46D5-ABCA-D5FC1D3B7F07}.Release|x86.Deploy.0 = Release|x86
		{BBE6F8F9-CBA0-41AA-9F3F-E305338E1ACB}.Debug|Any CPU.ActiveCfg = Debug|x86
		{BBE6F8F9-CBA0-41AA-9F3F-E305338E1ACB}.Debug|Any CPU.Build.0 = Debug|x86
		{BBE6F8F9-CBA0-41AA-9F3F-E305338E1ACB}.Debug|Any CPU.Deploy.0 = Debug|x86
		{BBE6F8F9-CBA0-41AA-9F3F-E305338E1ACB}.Debug|ARM.ActiveCfg = Debug|ARM
		{BBE6F8F9-CBA0-41AA-9F3F-E305338E1ACB}.Debug|ARM.Build.0 = Debug|ARM
		{BBE6F8F9-CBA0-41AA-9F3F-E305338E1ACB}.Debug|ARM.Deploy.0 = Debug|ARM
		{BBE6F8F9-CBA0-41AA-9F3F-E305338E1ACB}.Debug|ARM64.ActiveCfg = Debug|ARM64
		{BBE6F8F9-CBA0-41AA-9F3F-E305338E1ACB}.Debug|ARM64.Build.0 = Debug|ARM64
		{BBE6F8F9-CBA0-41AA-9F3F-E305338E1ACB}.Debug|ARM64.Deploy.0 = Debug|ARM64
		{BBE6F8F9-CBA0-41AA-9F3F-E305338E1ACB}.Debug|iPhone.ActiveCfg = Debug|Any CPU
		{BBE6F8F9-CBA0-41AA-9F3F-E305338E1ACB}.Debug|iPhone.Build.0 = Debug|Any CPU
		{BBE6F8F9-CBA0-41AA-9F3F-E305338E1ACB}.Debug|iPhone.Deploy.0 = Debug|Any CPU
		{BBE6F8F9-CBA0-41AA-9F3F-E305338E1ACB}.Debug|iPhoneSimulator.ActiveCfg = Debug|Any CPU
		{BBE6F8F9-CBA0-41AA-9F3F-E305338E1ACB}.Debug|iPhoneSimulator.Build.0 = Debug|Any CPU
		{BBE6F8F9-CBA0-41AA-9F3F-E305338E1ACB}.Debug|iPhoneSimulator.Deploy.0 = Debug|Any CPU
		{BBE6F8F9-CBA0-41AA-9F3F-E305338E1ACB}.Debug|x64.ActiveCfg = Debug|x64
		{BBE6F8F9-CBA0-41AA-9F3F-E305338E1ACB}.Debug|x64.Build.0 = Debug|x64
		{BBE6F8F9-CBA0-41AA-9F3F-E305338E1ACB}.Debug|x64.Deploy.0 = Debug|x64
		{BBE6F8F9-CBA0-41AA-9F3F-E305338E1ACB}.Debug|x86.ActiveCfg = Debug|x86
		{BBE6F8F9-CBA0-41AA-9F3F-E305338E1ACB}.Debug|x86.Build.0 = Debug|x86
		{BBE6F8F9-CBA0-41AA-9F3F-E305338E1ACB}.Debug|x86.Deploy.0 = Debug|x86
		{BBE6F8F9-CBA0-41AA-9F3F-E305338E1ACB}.Release|Any CPU.ActiveCfg = Release|Any CPU
		{BBE6F8F9-CBA0-41AA-9F3F-E305338E1ACB}.Release|Any CPU.Build.0 = Release|Any CPU
		{BBE6F8F9-CBA0-41AA-9F3F-E305338E1ACB}.Release|Any CPU.Deploy.0 = Release|Any CPU
		{BBE6F8F9-CBA0-41AA-9F3F-E305338E1ACB}.Release|ARM.ActiveCfg = Release|ARM
		{BBE6F8F9-CBA0-41AA-9F3F-E305338E1ACB}.Release|ARM.Build.0 = Release|ARM
		{BBE6F8F9-CBA0-41AA-9F3F-E305338E1ACB}.Release|ARM.Deploy.0 = Release|ARM
		{BBE6F8F9-CBA0-41AA-9F3F-E305338E1ACB}.Release|ARM64.ActiveCfg = Release|ARM64
		{BBE6F8F9-CBA0-41AA-9F3F-E305338E1ACB}.Release|ARM64.Build.0 = Release|ARM64
		{BBE6F8F9-CBA0-41AA-9F3F-E305338E1ACB}.Release|ARM64.Deploy.0 = Release|ARM64
		{BBE6F8F9-CBA0-41AA-9F3F-E305338E1ACB}.Release|iPhone.ActiveCfg = Release|Any CPU
		{BBE6F8F9-CBA0-41AA-9F3F-E305338E1ACB}.Release|iPhone.Build.0 = Release|Any CPU
		{BBE6F8F9-CBA0-41AA-9F3F-E305338E1ACB}.Release|iPhone.Deploy.0 = Release|Any CPU
		{BBE6F8F9-CBA0-41AA-9F3F-E305338E1ACB}.Release|iPhoneSimulator.ActiveCfg = Release|Any CPU
		{BBE6F8F9-CBA0-41AA-9F3F-E305338E1ACB}.Release|iPhoneSimulator.Build.0 = Release|Any CPU
		{BBE6F8F9-CBA0-41AA-9F3F-E305338E1ACB}.Release|iPhoneSimulator.Deploy.0 = Release|Any CPU
		{BBE6F8F9-CBA0-41AA-9F3F-E305338E1ACB}.Release|x64.ActiveCfg = Release|x64
		{BBE6F8F9-CBA0-41AA-9F3F-E305338E1ACB}.Release|x64.Build.0 = Release|x64
		{BBE6F8F9-CBA0-41AA-9F3F-E305338E1ACB}.Release|x64.Deploy.0 = Release|x64
		{BBE6F8F9-CBA0-41AA-9F3F-E305338E1ACB}.Release|x86.ActiveCfg = Release|x86
		{BBE6F8F9-CBA0-41AA-9F3F-E305338E1ACB}.Release|x86.Build.0 = Release|x86
		{BBE6F8F9-CBA0-41AA-9F3F-E305338E1ACB}.Release|x86.Deploy.0 = Release|x86
		{D8827611-BEB5-4EC5-AA92-354A88054D0F}.Debug|Any CPU.ActiveCfg = Debug|x86
		{D8827611-BEB5-4EC5-AA92-354A88054D0F}.Debug|Any CPU.Build.0 = Debug|x86
		{D8827611-BEB5-4EC5-AA92-354A88054D0F}.Debug|Any CPU.Deploy.0 = Debug|x86
		{D8827611-BEB5-4EC5-AA92-354A88054D0F}.Debug|ARM.ActiveCfg = Debug|ARM
		{D8827611-BEB5-4EC5-AA92-354A88054D0F}.Debug|ARM.Build.0 = Debug|ARM
		{D8827611-BEB5-4EC5-AA92-354A88054D0F}.Debug|ARM.Deploy.0 = Debug|ARM
		{D8827611-BEB5-4EC5-AA92-354A88054D0F}.Debug|ARM64.ActiveCfg = Debug|ARM64
		{D8827611-BEB5-4EC5-AA92-354A88054D0F}.Debug|ARM64.Build.0 = Debug|ARM64
		{D8827611-BEB5-4EC5-AA92-354A88054D0F}.Debug|ARM64.Deploy.0 = Debug|ARM64
		{D8827611-BEB5-4EC5-AA92-354A88054D0F}.Debug|iPhone.ActiveCfg = Debug|x86
		{D8827611-BEB5-4EC5-AA92-354A88054D0F}.Debug|iPhoneSimulator.ActiveCfg = Debug|x86
		{D8827611-BEB5-4EC5-AA92-354A88054D0F}.Debug|x64.ActiveCfg = Debug|x64
		{D8827611-BEB5-4EC5-AA92-354A88054D0F}.Debug|x64.Build.0 = Debug|x64
		{D8827611-BEB5-4EC5-AA92-354A88054D0F}.Debug|x64.Deploy.0 = Debug|x64
		{D8827611-BEB5-4EC5-AA92-354A88054D0F}.Debug|x86.ActiveCfg = Debug|x86
		{D8827611-BEB5-4EC5-AA92-354A88054D0F}.Debug|x86.Build.0 = Debug|x86
		{D8827611-BEB5-4EC5-AA92-354A88054D0F}.Debug|x86.Deploy.0 = Debug|x86
		{D8827611-BEB5-4EC5-AA92-354A88054D0F}.Release|Any CPU.ActiveCfg = Release|x86
		{D8827611-BEB5-4EC5-AA92-354A88054D0F}.Release|ARM.ActiveCfg = Release|ARM
		{D8827611-BEB5-4EC5-AA92-354A88054D0F}.Release|ARM.Build.0 = Release|ARM
		{D8827611-BEB5-4EC5-AA92-354A88054D0F}.Release|ARM.Deploy.0 = Release|ARM
		{D8827611-BEB5-4EC5-AA92-354A88054D0F}.Release|ARM64.ActiveCfg = Release|ARM64
		{D8827611-BEB5-4EC5-AA92-354A88054D0F}.Release|ARM64.Build.0 = Release|ARM64
		{D8827611-BEB5-4EC5-AA92-354A88054D0F}.Release|ARM64.Deploy.0 = Release|ARM64
		{D8827611-BEB5-4EC5-AA92-354A88054D0F}.Release|iPhone.ActiveCfg = Release|x86
		{D8827611-BEB5-4EC5-AA92-354A88054D0F}.Release|iPhoneSimulator.ActiveCfg = Release|x86
		{D8827611-BEB5-4EC5-AA92-354A88054D0F}.Release|x64.ActiveCfg = Release|x64
		{D8827611-BEB5-4EC5-AA92-354A88054D0F}.Release|x64.Build.0 = Release|x64
		{D8827611-BEB5-4EC5-AA92-354A88054D0F}.Release|x64.Deploy.0 = Release|x64
		{D8827611-BEB5-4EC5-AA92-354A88054D0F}.Release|x86.ActiveCfg = Release|x86
		{D8827611-BEB5-4EC5-AA92-354A88054D0F}.Release|x86.Build.0 = Release|x86
		{D8827611-BEB5-4EC5-AA92-354A88054D0F}.Release|x86.Deploy.0 = Release|x86
	EndGlobalSection
	GlobalSection(SolutionProperties) = preSolution
		HideSolutionNode = FALSE
	EndGlobalSection
	GlobalSection(ExtensibilityGlobals) = postSolution
		SolutionGuid = {51E74CB1-3FE8-416C-B235-359AB9C35EBE}
	EndGlobalSection
EndGlobal
